# This file is @generated by PDM.
# It is not intended for manual editing.

[metadata]
groups = ["default"]
strategy = ["inherit_metadata"]
lock_version = "4.5.0"
content_hash = "sha256:bffc3a2f354b2004fcf3b45e2e224f8ad5d075d9f435e450e5fb297579fd4d2a"

[[package]]
name = "boto3"
version = "1.34.162"
requires_python = ">=3.8"
summary = "The AWS SDK for Python"
groups = ["default"]
marker = "python_full_version == \"3.10.12\""
dependencies = [
    "botocore<1.35.0,>=1.34.162",
    "jmespath<2.0.0,>=0.7.1",
    "s3transfer<0.11.0,>=0.10.0",
]
files = [
    {file = "boto3-1.34.162-py3-none-any.whl", hash = "sha256:d6f6096bdab35a0c0deff469563b87d184a28df7689790f7fe7be98502b7c590"},
    {file = "boto3-1.34.162.tar.gz", hash = "sha256:873f8f5d2f6f85f1018cbb0535b03cceddc7b655b61f66a0a56995238804f41f"},
]

[[package]]
name = "botocore"
version = "1.34.162"
requires_python = ">=3.8"
summary = "Low-level, data-driven core of boto 3."
groups = ["default"]
marker = "python_full_version == \"3.10.12\""
dependencies = [
    "jmespath<2.0.0,>=0.7.1",
    "python-dateutil<3.0.0,>=2.1",
    "urllib3!=2.2.0,<3,>=1.25.4; python_version >= \"3.10\"",
    "urllib3<1.27,>=1.25.4; python_version < \"3.10\"",
]
files = [
    {file = "botocore-1.34.162-py3-none-any.whl", hash = "sha256:2d918b02db88d27a75b48275e6fb2506e9adaaddbec1ffa6a8a0898b34e769be"},
    {file = "botocore-1.34.162.tar.gz", hash = "sha256:adc23be4fb99ad31961236342b7cbf3c0bfc62532cd02852196032e8c0d682f3"},
]

[[package]]
name = "jmespath"
version = "1.0.1"
requires_python = ">=3.7"
summary = "JSON Matching Expressions"
groups = ["default"]
marker = "python_full_version == \"3.10.12\""
files = [
    {file = "jmespath-1.0.1-py3-none-any.whl", hash = "sha256:02e2e4cc71b5bcab88332eebf907519190dd9e6e82107fa7f83b1003a6252980"},
    {file = "jmespath-1.0.1.tar.gz", hash = "sha256:90261b206d6defd58fdd5e85f478bf633a2901798906be2ad389150c5c60edbe"},
]

[[package]]
name = "python-dateutil"
version = "2.9.0.post0"
requires_python = "!=3.0.*,!=3.1.*,!=3.2.*,>=2.7"
summary = "Extensions to the standard Python datetime module"
groups = ["default"]
marker = "python_full_version == \"3.10.12\""
dependencies = [
    "six>=1.5",
]
files = [
    {file = "python-dateutil-2.9.0.post0.tar.gz", hash = "sha256:37dd54208da7e1cd875388217d5e00ebd4179249f90fb72437e91a35459a0ad3"},
    {file = "python_dateutil-2.9.0.post0-py2.py3-none-any.whl", hash = "sha256:a8b2bc7bffae282281c8140a97d3aa9c14da0b136dfe83f850eea9a5f7470427"},
]

[[package]]
name = "s3transfer"
version = "0.10.2"
requires_python = ">=3.8"
summary = "An Amazon S3 Transfer Manager"
groups = ["default"]
marker = "python_full_version == \"3.10.12\""
dependencies = [
    "botocore<2.0a.0,>=1.33.2",
]
files = [
    {file = "s3transfer-0.10.2-py3-none-any.whl", hash = "sha256:eca1c20de70a39daee580aef4986996620f365c4e0fda6a86100231d62f1bf69"},
    {file = "s3transfer-0.10.2.tar.gz", hash = "sha256:0711534e9356d3cc692fdde846b4a1e4b0cb6519971860796e6bc4c7aea00ef6"},
]

[[package]]
name = "six"
version = "1.16.0"
requires_python = ">=2.7, !=3.0.*, !=3.1.*, !=3.2.*"
summary = "Python 2 and 3 compatibility utilities"
groups = ["default"]
marker = "python_full_version == \"3.10.12\""
files = [
    {file = "six-1.16.0-py2.py3-none-any.whl", hash = "sha256:8abb2f1d86890a2dfb989f9a77cfcfd3e47c2a354b01111771326f8aa26e0254"},
    {file = "six-1.16.0.tar.gz", hash = "sha256:1e61c37477a1626458e36f7b1d82aa5c9b094fa4802892072e49de9c60c4c926"},
]

[[package]]
name = "urllib3"
version = "2.2.2"
requires_python = ">=3.8"
summary = "HTTP library with thread-safe connection pooling, file post, and more."
groups = ["default"]
marker = "python_full_version == \"3.10.12\""
files = [
    {file = "urllib3-2.2.2-py3-none-any.whl", hash = "sha256:a448b2f64d686155468037e1ace9f2d2199776e17f0a46610480d311f73e3472"},
    {file = "urllib3-2.2.2.tar.gz", hash = "sha256:dd505485549a7a552833da5e6063639d0d177c04f23bc3864e41e5dc5f612168"},
]
